// !$*UTF8*$!
{
	archiveVersion = 1;
	classes = {
	};
	objectVersion = 46;
	objects = {

/* Begin PBXBuildFile section */
		8EA97B401BE3AEFD003CB921 /* LexerKit.h in Headers */ = {isa = PBXBuildFile; fileRef = 8EA97B3F1BE3AEFD003CB921 /* LexerKit.h */; settings = {ATTRIBUTES = (Public, ); }; };
		8EA97B481BE3AF14003CB921 /* Stack.swift in Sources */ = {isa = PBXBuildFile; fileRef = 8EA97B471BE3AF14003CB921 /* Stack.swift */; };
		8EA97B4A1BE3B0AF003CB921 /* Token.swift in Sources */ = {isa = PBXBuildFile; fileRef = 8EA97B491BE3B0AF003CB921 /* Token.swift */; };
		8EA97B4C1BE3B18A003CB921 /* ErrorToken.swift in Sources */ = {isa = PBXBuildFile; fileRef = 8EA97B4B1BE3B18A003CB921 /* ErrorToken.swift */; };
		8EA97B531BE3BD8C003CB921 /* Tokenizing.swift in Sources */ = {isa = PBXBuildFile; fileRef = 8EA97B521BE3BD8C003CB921 /* Tokenizing.swift */; };
		8EA97B551BE3BE18003CB921 /* TokenizerState.swift in Sources */ = {isa = PBXBuildFile; fileRef = 8EA97B541BE3BE18003CB921 /* TokenizerState.swift */; };
		8EA97B571BE3BF95003CB921 /* Tokenizer.swift in Sources */ = {isa = PBXBuildFile; fileRef = 8EA97B561BE3BF95003CB921 /* Tokenizer.swift */; };
		8EA97B591BE3C338003CB921 /* NewContextToken.swift in Sources */ = {isa = PBXBuildFile; fileRef = 8EA97B581BE3C338003CB921 /* NewContextToken.swift */; };
		8EC535531BE5541B00B145B5 /* CharacterTokenizer.swift in Sources */ = {isa = PBXBuildFile; fileRef = 8EC535521BE5541B00B145B5 /* CharacterTokenizer.swift */; };
		8EC535551BE5556E00B145B5 /* CharacterToken.swift in Sources */ = {isa = PBXBuildFile; fileRef = 8EC535541BE5556E00B145B5 /* CharacterToken.swift */; };
		8EC535571BE5579D00B145B5 /* CharacterSequenceTokenGenerator.swift in Sources */ = {isa = PBXBuildFile; fileRef = 8EC535561BE5579D00B145B5 /* CharacterSequenceTokenGenerator.swift */; };
		8EC535591BE558BD00B145B5 /* WordTokenGenerator.swift in Sources */ = {isa = PBXBuildFile; fileRef = 8EC535581BE558BD00B145B5 /* WordTokenGenerator.swift */; };
		8EC5355B1BE55A7F00B145B5 /* IntegerTokenGenerator.swift in Sources */ = {isa = PBXBuildFile; fileRef = 8EC5355A1BE55A7F00B145B5 /* IntegerTokenGenerator.swift */; };
		8EC5355D1BE55B4300B145B5 /* IntegerToken.swift in Sources */ = {isa = PBXBuildFile; fileRef = 8EC5355C1BE55B4300B145B5 /* IntegerToken.swift */; };
		8EC535611BE55EAC00B145B5 /* WhiteSpaceTokenGenerator.swift in Sources */ = {isa = PBXBuildFile; fileRef = 8EC535601BE55EAC00B145B5 /* WhiteSpaceTokenGenerator.swift */; };
		8EC535651BE55FBC00B145B5 /* SentanceTokenGenerator.swift in Sources */ = {isa = PBXBuildFile; fileRef = 8EC535641BE55FBC00B145B5 /* SentanceTokenGenerator.swift */; };
		8EC535691BE5637300B145B5 /* EscapedCharacterTokenGenerator.swift in Sources */ = {isa = PBXBuildFile; fileRef = 8EC535681BE5637300B145B5 /* EscapedCharacterTokenGenerator.swift */; };
		8EC5356B1BE5656400B145B5 /* QuoteTokenGenerator.swift in Sources */ = {isa = PBXBuildFile; fileRef = 8EC5356A1BE5656400B145B5 /* QuoteTokenGenerator.swift */; };
		8EC5356D1BE5694F00B145B5 /* AdvancedSentanceTokenGenerator.swift in Sources */ = {isa = PBXBuildFile; fileRef = 8EC5356C1BE5694F00B145B5 /* AdvancedSentanceTokenGenerator.swift */; };
/* End PBXBuildFile section */

/* Begin PBXFileReference section */
		8EA97B3C1BE3AEFD003CB921 /* LexerKit.framework */ = {isa = PBXFileReference; explicitFileType = wrapper.framework; includeInIndex = 0; path = LexerKit.framework; sourceTree = BUILT_PRODUCTS_DIR; };
		8EA97B3F1BE3AEFD003CB921 /* LexerKit.h */ = {isa = PBXFileReference; lastKnownFileType = sourcecode.c.h; path = LexerKit.h; sourceTree = "<group>"; };
		8EA97B411BE3AEFD003CB921 /* Info.plist */ = {isa = PBXFileReference; lastKnownFileType = text.plist.xml; path = Info.plist; sourceTree = "<group>"; };
		8EA97B471BE3AF14003CB921 /* Stack.swift */ = {isa = PBXFileReference; fileEncoding = 4; lastKnownFileType = sourcecode.swift; path = Stack.swift; sourceTree = "<group>"; };
		8EA97B491BE3B0AF003CB921 /* Token.swift */ = {isa = PBXFileReference; fileEncoding = 4; lastKnownFileType = sourcecode.swift; path = Token.swift; sourceTree = "<group>"; };
		8EA97B4B1BE3B18A003CB921 /* ErrorToken.swift */ = {isa = PBXFileReference; fileEncoding = 4; lastKnownFileType = sourcecode.swift; path = ErrorToken.swift; sourceTree = "<group>"; };
		8EA97B521BE3BD8C003CB921 /* Tokenizing.swift */ = {isa = PBXFileReference; fileEncoding = 4; lastKnownFileType = sourcecode.swift; name = Tokenizing.swift; path = ../Tokenizing.swift; sourceTree = "<group>"; };
		8EA97B541BE3BE18003CB921 /* TokenizerState.swift */ = {isa = PBXFileReference; fileEncoding = 4; lastKnownFileType = sourcecode.swift; path = TokenizerState.swift; sourceTree = "<group>"; };
		8EA97B561BE3BF95003CB921 /* Tokenizer.swift */ = {isa = PBXFileReference; fileEncoding = 4; lastKnownFileType = sourcecode.swift; path = Tokenizer.swift; sourceTree = "<group>"; };
		8EA97B581BE3C338003CB921 /* NewContextToken.swift */ = {isa = PBXFileReference; fileEncoding = 4; lastKnownFileType = sourcecode.swift; path = NewContextToken.swift; sourceTree = "<group>"; };
		8EC535521BE5541B00B145B5 /* CharacterTokenizer.swift */ = {isa = PBXFileReference; fileEncoding = 4; lastKnownFileType = sourcecode.swift; path = CharacterTokenizer.swift; sourceTree = "<group>"; };
		8EC535541BE5556E00B145B5 /* CharacterToken.swift */ = {isa = PBXFileReference; fileEncoding = 4; lastKnownFileType = sourcecode.swift; path = CharacterToken.swift; sourceTree = "<group>"; };
		8EC535561BE5579D00B145B5 /* CharacterSequenceTokenGenerator.swift */ = {isa = PBXFileReference; fileEncoding = 4; lastKnownFileType = sourcecode.swift; path = CharacterSequenceTokenGenerator.swift; sourceTree = "<group>"; };
		8EC535581BE558BD00B145B5 /* WordTokenGenerator.swift */ = {isa = PBXFileReference; fileEncoding = 4; lastKnownFileType = sourcecode.swift; path = WordTokenGenerator.swift; sourceTree = "<group>"; };
		8EC5355A1BE55A7F00B145B5 /* IntegerTokenGenerator.swift */ = {isa = PBXFileReference; fileEncoding = 4; lastKnownFileType = sourcecode.swift; path = IntegerTokenGenerator.swift; sourceTree = "<group>"; };
		8EC5355C1BE55B4300B145B5 /* IntegerToken.swift */ = {isa = PBXFileReference; fileEncoding = 4; lastKnownFileType = sourcecode.swift; path = IntegerToken.swift; sourceTree = "<group>"; };
		8EC535601BE55EAC00B145B5 /* WhiteSpaceTokenGenerator.swift */ = {isa = PBXFileReference; fileEncoding = 4; lastKnownFileType = sourcecode.swift; path = WhiteSpaceTokenGenerator.swift; sourceTree = "<group>"; };
		8EC535641BE55FBC00B145B5 /* SentanceTokenGenerator.swift */ = {isa = PBXFileReference; fileEncoding = 4; lastKnownFileType = sourcecode.swift; path = SentanceTokenGenerator.swift; sourceTree = "<group>"; };
		8EC535681BE5637300B145B5 /* EscapedCharacterTokenGenerator.swift */ = {isa = PBXFileReference; fileEncoding = 4; lastKnownFileType = sourcecode.swift; path = EscapedCharacterTokenGenerator.swift; sourceTree = "<group>"; };
		8EC5356A1BE5656400B145B5 /* QuoteTokenGenerator.swift */ = {isa = PBXFileReference; fileEncoding = 4; lastKnownFileType = sourcecode.swift; path = QuoteTokenGenerator.swift; sourceTree = "<group>"; };
		8EC5356C1BE5694F00B145B5 /* AdvancedSentanceTokenGenerator.swift */ = {isa = PBXFileReference; fileEncoding = 4; lastKnownFileType = sourcecode.swift; path = AdvancedSentanceTokenGenerator.swift; sourceTree = "<group>"; };
/* End PBXFileReference section */

/* Begin PBXFrameworksBuildPhase section */
		8EA97B381BE3AEFD003CB921 /* Frameworks */ = {
			isa = PBXFrameworksBuildPhase;
			buildActionMask = 2147483647;
			files = (
			);
			runOnlyForDeploymentPostprocessing = 0;
		};
/* End PBXFrameworksBuildPhase section */

/* Begin PBXGroup section */
		8EA97B321BE3AEFC003CB921 = {
			isa = PBXGroup;
			children = (
				8EA97B3E1BE3AEFD003CB921 /* LexerKit */,
				8EA97B3D1BE3AEFD003CB921 /* Products */,
			);
			sourceTree = "<group>";
		};
		8EA97B3D1BE3AEFD003CB921 /* Products */ = {
			isa = PBXGroup;
			children = (
				8EA97B3C1BE3AEFD003CB921 /* LexerKit.framework */,
			);
			name = Products;
			sourceTree = "<group>";
		};
		8EA97B3E1BE3AEFD003CB921 /* LexerKit */ = {
			isa = PBXGroup;
			children = (
				8EC535631BE55FA700B145B5 /* Tokenizer */,
				8EC535621BE55F9E00B145B5 /* Generators */,
				8EA97B4D1BE3B190003CB921 /* Tokens */,
				8EA97B4E1BE3B199003CB921 /* Support */,
				8EA97B4F1BE3B1A5003CB921 /* Resources */,
			);
			path = LexerKit;
			sourceTree = "<group>";
		};
		8EA97B4D1BE3B190003CB921 /* Tokens */ = {
			isa = PBXGroup;
			children = (
				8EA97B491BE3B0AF003CB921 /* Token.swift */,
				8EA97B4B1BE3B18A003CB921 /* ErrorToken.swift */,
				8EA97B581BE3C338003CB921 /* NewContextToken.swift */,
				8EC535541BE5556E00B145B5 /* CharacterToken.swift */,
				8EC5355C1BE55B4300B145B5 /* IntegerToken.swift */,
			);
			name = Tokens;
			sourceTree = "<group>";
		};
		8EA97B4E1BE3B199003CB921 /* Support */ = {
			isa = PBXGroup;
			children = (
				8EA97B471BE3AF14003CB921 /* Stack.swift */,
			);
			name = Support;
			sourceTree = "<group>";
		};
		8EA97B4F1BE3B1A5003CB921 /* Resources */ = {
			isa = PBXGroup;
			children = (
				8EA97B3F1BE3AEFD003CB921 /* LexerKit.h */,
				8EA97B411BE3AEFD003CB921 /* Info.plist */,
			);
			name = Resources;
			sourceTree = "<group>";
		};
		8EC535621BE55F9E00B145B5 /* Generators */ = {
			isa = PBXGroup;
			children = (
				8EC535561BE5579D00B145B5 /* CharacterSequenceTokenGenerator.swift */,
				8EC535641BE55FBC00B145B5 /* SentanceTokenGenerator.swift */,
				8EC5356C1BE5694F00B145B5 /* AdvancedSentanceTokenGenerator.swift */,
				8EC535581BE558BD00B145B5 /* WordTokenGenerator.swift */,
				8EC5355A1BE55A7F00B145B5 /* IntegerTokenGenerator.swift */,
				8EC535601BE55EAC00B145B5 /* WhiteSpaceTokenGenerator.swift */,
				8EC535681BE5637300B145B5 /* EscapedCharacterTokenGenerator.swift */,
				8EC5356A1BE5656400B145B5 /* QuoteTokenGenerator.swift */,
			);
			name = Generators;
			sourceTree = "<group>";
		};
		8EC535631BE55FA700B145B5 /* Tokenizer */ = {
			isa = PBXGroup;
			children = (
				8EA97B521BE3BD8C003CB921 /* Tokenizing.swift */,
				8EA97B541BE3BE18003CB921 /* TokenizerState.swift */,
				8EA97B561BE3BF95003CB921 /* Tokenizer.swift */,
				8EC535521BE5541B00B145B5 /* CharacterTokenizer.swift */,
			);
			name = Tokenizer;
			sourceTree = "<group>";
		};
/* End PBXGroup section */

/* Begin PBXHeadersBuildPhase section */
		8EA97B391BE3AEFD003CB921 /* Headers */ = {
			isa = PBXHeadersBuildPhase;
			buildActionMask = 2147483647;
			files = (
				8EA97B401BE3AEFD003CB921 /* LexerKit.h in Headers */,
			);
			runOnlyForDeploymentPostprocessing = 0;
		};
/* End PBXHeadersBuildPhase section */

/* Begin PBXNativeTarget section */
		8EA97B3B1BE3AEFD003CB921 /* LexerKit */ = {
			isa = PBXNativeTarget;
			buildConfigurationList = 8EA97B441BE3AEFD003CB921 /* Build configuration list for PBXNativeTarget "LexerKit" */;
			buildPhases = (
				8EA97B371BE3AEFD003CB921 /* Sources */,
				8EA97B381BE3AEFD003CB921 /* Frameworks */,
				8EA97B391BE3AEFD003CB921 /* Headers */,
				8EA97B3A1BE3AEFD003CB921 /* Resources */,
			);
			buildRules = (
			);
			dependencies = (
			);
			name = LexerKit;
			productName = LexerKit;
			productReference = 8EA97B3C1BE3AEFD003CB921 /* LexerKit.framework */;
			productType = "com.apple.product-type.framework";
		};
/* End PBXNativeTarget section */

/* Begin PBXProject section */
		8EA97B331BE3AEFC003CB921 /* Project object */ = {
			isa = PBXProject;
			attributes = {
				LastUpgradeCheck = 0710;
				ORGANIZATIONNAME = "Raphael Hanneken";
				TargetAttributes = {
					8EA97B3B1BE3AEFD003CB921 = {
						CreatedOnToolsVersion = 7.1;
					};
				};
			};
			buildConfigurationList = 8EA97B361BE3AEFC003CB921 /* Build configuration list for PBXProject "LexerKit" */;
			compatibilityVersion = "Xcode 3.2";
			developmentRegion = English;
			hasScannedForEncodings = 0;
			knownRegions = (
				en,
			);
			mainGroup = 8EA97B321BE3AEFC003CB921;
			productRefGroup = 8EA97B3D1BE3AEFD003CB921 /* Products */;
			projectDirPath = "";
			projectRoot = "";
			targets = (
				8EA97B3B1BE3AEFD003CB921 /* LexerKit */,
			);
		};
/* End PBXProject section */

/* Begin PBXResourcesBuildPhase section */
		8EA97B3A1BE3AEFD003CB921 /* Resources */ = {
			isa = PBXResourcesBuildPhase;
			buildActionMask = 2147483647;
			files = (
			);
			runOnlyForDeploymentPostprocessing = 0;
		};
/* End PBXResourcesBuildPhase section */

/* Begin PBXSourcesBuildPhase section */
		8EA97B371BE3AEFD003CB921 /* Sources */ = {
			isa = PBXSourcesBuildPhase;
			buildActionMask = 2147483647;
			files = (
				8EC535651BE55FBC00B145B5 /* SentanceTokenGenerator.swift in Sources */,
				8EC535691BE5637300B145B5 /* EscapedCharacterTokenGenerator.swift in Sources */,
				8EC535611BE55EAC00B145B5 /* WhiteSpaceTokenGenerator.swift in Sources */,
				8EC535591BE558BD00B145B5 /* WordTokenGenerator.swift in Sources */,
				8EC535571BE5579D00B145B5 /* CharacterSequenceTokenGenerator.swift in Sources */,
				8EA97B4C1BE3B18A003CB921 /* ErrorToken.swift in Sources */,
				8EA97B481BE3AF14003CB921 /* Stack.swift in Sources */,
				8EC5356D1BE5694F00B145B5 /* AdvancedSentanceTokenGenerator.swift in Sources */,
				8EA97B591BE3C338003CB921 /* NewContextToken.swift in Sources */,
				8EC535531BE5541B00B145B5 /* CharacterTokenizer.swift in Sources */,
				8EA97B551BE3BE18003CB921 /* TokenizerState.swift in Sources */,
				8EA97B4A1BE3B0AF003CB921 /* Token.swift in Sources */,
				8EC5356B1BE5656400B145B5 /* QuoteTokenGenerator.swift in Sources */,
				8EC5355B1BE55A7F00B145B5 /* IntegerTokenGenerator.swift in Sources */,
				8EC535551BE5556E00B145B5 /* CharacterToken.swift in Sources */,
				8EA97B571BE3BF95003CB921 /* Tokenizer.swift in Sources */,
				8EA97B531BE3BD8C003CB921 /* Tokenizing.swift in Sources */,
				8EC5355D1BE55B4300B145B5 /* IntegerToken.swift in Sources */,
			);
			runOnlyForDeploymentPostprocessing = 0;
		};
/* End PBXSourcesBuildPhase section */

/* Begin XCBuildConfiguration section */
		8EA97B421BE3AEFD003CB921 /* Debug */ = {
			isa = XCBuildConfiguration;
			buildSettings = {
				ALWAYS_SEARCH_USER_PATHS = NO;
				CLANG_CXX_LANGUAGE_STANDARD = "gnu++0x";
				CLANG_CXX_LIBRARY = "libc++";
				CLANG_ENABLE_MODULES = YES;
				CLANG_ENABLE_OBJC_ARC = YES;
				CLANG_WARN_BOOL_CONVERSION = YES;
				CLANG_WARN_CONSTANT_CONVERSION = YES;
				CLANG_WARN_DIRECT_OBJC_ISA_USAGE = YES_ERROR;
				CLANG_WARN_EMPTY_BODY = YES;
				CLANG_WARN_ENUM_CONVERSION = YES;
				CLANG_WARN_INT_CONVERSION = YES;
				CLANG_WARN_OBJC_ROOT_CLASS = YES_ERROR;
				CLANG_WARN_UNREACHABLE_CODE = YES;
				CLANG_WARN__DUPLICATE_METHOD_MATCH = YES;
				CODE_SIGN_IDENTITY = "-";
				COPY_PHASE_STRIP = NO;
				CURRENT_PROJECT_VERSION = 1;
				DEBUG_INFORMATION_FORMAT = dwarf;
				ENABLE_STRICT_OBJC_MSGSEND = YES;
				ENABLE_TESTABILITY = YES;
				GCC_C_LANGUAGE_STANDARD = gnu99;
				GCC_DYNAMIC_NO_PIC = NO;
				GCC_NO_COMMON_BLOCKS = YES;
				GCC_OPTIMIZATION_LEVEL = 0;
				GCC_PREPROCESSOR_DEFINITIONS = (
					"DEBUG=1",
					"$(inherited)",
				);
				GCC_WARN_64_TO_32_BIT_CONVERSION = YES;
				GCC_WARN_ABOUT_RETURN_TYPE = YES_ERROR;
				GCC_WARN_UNDECLARED_SELECTOR = YES;
				GCC_WARN_UNINITIALIZED_AUTOS = YES_AGGRESSIVE;
				GCC_WARN_UNUSED_FUNCTION = YES;
				GCC_WARN_UNUSED_VARIABLE = YES;
				MACOSX_DEPLOYMENT_TARGET = 10.11;
				MTL_ENABLE_DEBUG_INFO = YES;
				ONLY_ACTIVE_ARCH = YES;
				SDKROOT = macosx;
				SWIFT_OPTIMIZATION_LEVEL = "-Onone";
				VERSIONING_SYSTEM = "apple-generic";
				VERSION_INFO_PREFIX = "";
			};
			name = Debug;
		};
		8EA97B431BE3AEFD003CB921 /* Release */ = {
			isa = XCBuildConfiguration;
			buildSettings = {
				ALWAYS_SEARCH_USER_PATHS = NO;
				CLANG_CXX_LANGUAGE_STANDARD = "gnu++0x";
				CLANG_CXX_LIBRARY = "libc++";
				CLANG_ENABLE_MODULES = YES;
				CLANG_ENABLE_OBJC_ARC = YES;
				CLANG_WARN_BOOL_CONVERSION = YES;
				CLANG_WARN_CONSTANT_CONVERSION = YES;
				CLANG_WARN_DIRECT_OBJC_ISA_USAGE = YES_ERROR;
				CLANG_WARN_EMPTY_BODY = YES;
				CLANG_WARN_ENUM_CONVERSION = YES;
				CLANG_WARN_INT_CONVERSION = YES;
				CLANG_WARN_OBJC_ROOT_CLASS = YES_ERROR;
				CLANG_WARN_UNREACHABLE_CODE = YES;
				CLANG_WARN__DUPLICATE_METHOD_MATCH = YES;
				CODE_SIGN_IDENTITY = "-";
				COPY_PHASE_STRIP = NO;
				CURRENT_PROJECT_VERSION = 1;
				DEBUG_INFORMATION_FORMAT = "dwarf-with-dsym";
				ENABLE_NS_ASSERTIONS = NO;
				ENABLE_STRICT_OBJC_MSGSEND = YES;
				GCC_C_LANGUAGE_STANDARD = gnu99;
				GCC_NO_COMMON_BLOCKS = YES;
				GCC_WARN_64_TO_32_BIT_CONVERSION = YES;
				GCC_WARN_ABOUT_RETURN_TYPE = YES_ERROR;
				GCC_WARN_UNDECLARED_SELECTOR = YES;
				GCC_WARN_UNINITIALIZED_AUTOS = YES_AGGRESSIVE;
				GCC_WARN_UNUSED_FUNCTION = YES;
				GCC_WARN_UNUSED_VARIABLE = YES;
				MACOSX_DEPLOYMENT_TARGET = 10.11;
				MTL_ENABLE_DEBUG_INFO = NO;
				SDKROOT = macosx;
				VERSIONING_SYSTEM = "apple-generic";
				VERSION_INFO_PREFIX = "";
			};
			name = Release;
		};
		8EA97B451BE3AEFD003CB921 /* Debug */ = {
			isa = XCBuildConfiguration;
			buildSettings = {
				CLANG_ENABLE_MODULES = YES;
				COMBINE_HIDPI_IMAGES = YES;
				DEFINES_MODULE = YES;
				DYLIB_COMPATIBILITY_VERSION = 1;
				DYLIB_CURRENT_VERSION = 1;
				DYLIB_INSTALL_NAME_BASE = "@rpath";
				FRAMEWORK_VERSION = A;
				INFOPLIST_FILE = LexerKit/Info.plist;
				INSTALL_PATH = "$(LOCAL_LIBRARY_DIR)/Frameworks";
				LD_RUNPATH_SEARCH_PATHS = "$(inherited) @executable_path/../Frameworks @loader_path/Frameworks";
				PRODUCT_BUNDLE_IDENTIFIER = io.behoernchen.LexerKit;
				PRODUCT_NAME = "$(TARGET_NAME)";
				SKIP_INSTALL = YES;
				SWIFT_OPTIMIZATION_LEVEL = "-Onone";
			};
			name = Debug;
		};
		8EA97B461BE3AEFD003CB921 /* Release */ = {
			isa = XCBuildConfiguration;
			buildSettings = {
				CLANG_ENABLE_MODULES = YES;
				COMBINE_HIDPI_IMAGES = YES;
				DEFINES_MODULE = YES;
				DYLIB_COMPATIBILITY_VERSION = 1;
				DYLIB_CURRENT_VERSION = 1;
				DYLIB_INSTALL_NAME_BASE = "@rpath";
				FRAMEWORK_VERSION = A;
				INFOPLIST_FILE = LexerKit/Info.plist;
				INSTALL_PATH = "$(LOCAL_LIBRARY_DIR)/Frameworks";
				LD_RUNPATH_SEARCH_PATHS = "$(inherited) @executable_path/../Frameworks @loader_path/Frameworks";
				PRODUCT_BUNDLE_IDENTIFIER = io.behoernchen.LexerKit;
				PRODUCT_NAME = "$(TARGET_NAME)";
				SKIP_INSTALL = YES;
			};
			name = Release;
		};
/* End XCBuildConfiguration section */

/* Begin XCConfigurationList section */
		8EA97B361BE3AEFC003CB921 /* Build configuration list for PBXProject "LexerKit" */ = {
			isa = XCConfigurationList;
			buildConfigurations = (
				8EA97B421BE3AEFD003CB921 /* Debug */,
				8EA97B431BE3AEFD003CB921 /* Release */,
			);
			defaultConfigurationIsVisible = 0;
			defaultConfigurationName = Release;
		};
		8EA97B441BE3AEFD003CB921 /* Build configuration list for PBXNativeTarget "LexerKit" */ = {
			isa = XCConfigurationList;
			buildConfigurations = (
				8EA97B451BE3AEFD003CB921 /* Debug */,
				8EA97B461BE3AEFD003CB921 /* Release */,
			);
			defaultConfigurationIsVisible = 0;
			defaultConfigurationName = Release;
		};
/* End XCConfigurationList section */
	};
	rootObject = 8EA97B331BE3AEFC003CB921 /* Project object */;
}
